// !$*UTF8*$!
{
	archiveVersion = 1;
	classes = {
	};
	objectVersion = 50;
	objects = {

/* Begin PBXBuildFile section */
		8523A823219D2D58007959C8 /* GenericClient.swift in Sources */ = {isa = PBXBuildFile; fileRef = 8523A822219D2D58007959C8 /* GenericClient.swift */; };
		8523A826219D2F2E007959C8 /* Endpoint.swift in Sources */ = {isa = PBXBuildFile; fileRef = 8523A825219D2F2E007959C8 /* Endpoint.swift */; };
		8523A829219D3019007959C8 /* ErrorResponse.swift in Sources */ = {isa = PBXBuildFile; fileRef = 8523A828219D3019007959C8 /* ErrorResponse.swift */; };
		8523A82B219D3069007959C8 /* SearchResponse.swift in Sources */ = {isa = PBXBuildFile; fileRef = 8523A82A219D3069007959C8 /* SearchResponse.swift */; };
		8523A82D219D30AD007959C8 /* CategoryResponse.swift in Sources */ = {isa = PBXBuildFile; fileRef = 8523A82C219D30AD007959C8 /* CategoryResponse.swift */; };
		8523A82F219D313B007959C8 /* ListingDetailResponse.swift in Sources */ = {isa = PBXBuildFile; fileRef = 8523A82E219D313B007959C8 /* ListingDetailResponse.swift */; };
		8523A831219D31EE007959C8 /* Categories.swift in Sources */ = {isa = PBXBuildFile; fileRef = 8523A830219D31EE007959C8 /* Categories.swift */; };
		8523A833219D3285007959C8 /* Search.swift in Sources */ = {isa = PBXBuildFile; fileRef = 8523A832219D3284007959C8 /* Search.swift */; };
		8523A835219D332C007959C8 /* ListingDetails.swift in Sources */ = {isa = PBXBuildFile; fileRef = 8523A834219D332C007959C8 /* ListingDetails.swift */; };
		85540DFE21903B9D00C6AB7C /* CustomImageView.swift in Sources */ = {isa = PBXBuildFile; fileRef = 85540DFD21903B9D00C6AB7C /* CustomImageView.swift */; };
		85608FDB21A5521D004527FC /* HTTPTask.swift in Sources */ = {isa = PBXBuildFile; fileRef = 85608FDA21A5521D004527FC /* HTTPTask.swift */; };
		85608FDE21A553A2004527FC /* ParameterEncoding.swift in Sources */ = {isa = PBXBuildFile; fileRef = 85608FDD21A553A2004527FC /* ParameterEncoding.swift */; };
		85608FE021A553BF004527FC /* URLParameterEncoder.swift in Sources */ = {isa = PBXBuildFile; fileRef = 85608FDF21A553BF004527FC /* URLParameterEncoder.swift */; };
		85608FE221A553E5004527FC /* JSONParameterEncoder.swift in Sources */ = {isa = PBXBuildFile; fileRef = 85608FE121A553E5004527FC /* JSONParameterEncoder.swift */; };
		85608FE521A55C73004527FC /* HTTPMethod.swift in Sources */ = {isa = PBXBuildFile; fileRef = 85608FE421A55C73004527FC /* HTTPMethod.swift */; };
		85608FE821A55DDE004527FC /* Router.swift in Sources */ = {isa = PBXBuildFile; fileRef = 85608FE721A55DDE004527FC /* Router.swift */; };
		85608FEC21A58918004527FC /* TMClient.swift in Sources */ = {isa = PBXBuildFile; fileRef = 85608FEB21A58918004527FC /* TMClient.swift */; };
		8561E736218BCC5D001CADA8 /* AppDelegate.swift in Sources */ = {isa = PBXBuildFile; fileRef = 8561E735218BCC5D001CADA8 /* AppDelegate.swift */; };
		8561E73D218BCC5E001CADA8 /* Assets.xcassets in Resources */ = {isa = PBXBuildFile; fileRef = 8561E73C218BCC5E001CADA8 /* Assets.xcassets */; };
		8561E740218BCC5E001CADA8 /* LaunchScreen.storyboard in Resources */ = {isa = PBXBuildFile; fileRef = 8561E73E218BCC5E001CADA8 /* LaunchScreen.storyboard */; };
		8561E74B218BCC5F001CADA8 /* trademe_sampleTests.swift in Sources */ = {isa = PBXBuildFile; fileRef = 8561E74A218BCC5F001CADA8 /* trademe_sampleTests.swift */; };
		8561E757218BCFC5001CADA8 /* UIAlertController+Error.swift in Sources */ = {isa = PBXBuildFile; fileRef = 8561E756218BCFC5001CADA8 /* UIAlertController+Error.swift */; };
		8561E75F218BEE4C001CADA8 /* CategoryController.swift in Sources */ = {isa = PBXBuildFile; fileRef = 8561E75E218BEE4C001CADA8 /* CategoryController.swift */; };
		8561E766218BFC75001CADA8 /* UIColor+Custom.swift in Sources */ = {isa = PBXBuildFile; fileRef = 8561E765218BFC75001CADA8 /* UIColor+Custom.swift */; };
		8561E768218C175F001CADA8 /* ItemController.swift in Sources */ = {isa = PBXBuildFile; fileRef = 8561E767218C175F001CADA8 /* ItemController.swift */; };
		8561E770218C5797001CADA8 /* ItemTableViewCell.swift in Sources */ = {isa = PBXBuildFile; fileRef = 8561E76E218C5797001CADA8 /* ItemTableViewCell.swift */; };
		8561E771218C5797001CADA8 /* ItemTableViewCell.xib in Resources */ = {isa = PBXBuildFile; fileRef = 8561E76F218C5797001CADA8 /* ItemTableViewCell.xib */; };
		8561E773218D8FBA001CADA8 /* UITableViewController+Empty.swift in Sources */ = {isa = PBXBuildFile; fileRef = 8561E772218D8FBA001CADA8 /* UITableViewController+Empty.swift */; };
		8561E776218DBB02001CADA8 /* ItemViewModel.swift in Sources */ = {isa = PBXBuildFile; fileRef = 8561E775218DBB02001CADA8 /* ItemViewModel.swift */; };
		8561E778218DBE13001CADA8 /* CategoryViewModel.swift in Sources */ = {isa = PBXBuildFile; fileRef = 8561E777218DBE13001CADA8 /* CategoryViewModel.swift */; };
		8561E785218F9F9E001CADA8 /* CategoryService.swift in Sources */ = {isa = PBXBuildFile; fileRef = 8561E784218F9F9E001CADA8 /* CategoryService.swift */; };
		8561E787218FA579001CADA8 /* ItemService.swift in Sources */ = {isa = PBXBuildFile; fileRef = 8561E786218FA579001CADA8 /* ItemService.swift */; };
		8561E789218FACE8001CADA8 /* DetailService.swift in Sources */ = {isa = PBXBuildFile; fileRef = 8561E788218FACE8001CADA8 /* DetailService.swift */; };
		8561E78B218FAD0C001CADA8 /* DetailViewModel.swift in Sources */ = {isa = PBXBuildFile; fileRef = 8561E78A218FAD0C001CADA8 /* DetailViewModel.swift */; };
		8561E78E218FB1F0001CADA8 /* ListingDetailController.swift in Sources */ = {isa = PBXBuildFile; fileRef = 8561E78C218FB1F0001CADA8 /* ListingDetailController.swift */; };
		8561E78F218FB1F0001CADA8 /* ListingDetailController.xib in Resources */ = {isa = PBXBuildFile; fileRef = 8561E78D218FB1F0001CADA8 /* ListingDetailController.xib */; };
		F932699531AF9CBB28BDDE16 /* Pods_trademe_sample.framework in Frameworks */ = {isa = PBXBuildFile; fileRef = B8A983641EF7F1AEE75BDBC3 /* Pods_trademe_sample.framework */; };
/* End PBXBuildFile section */

/* Begin PBXContainerItemProxy section */
		8561E747218BCC5F001CADA8 /* PBXContainerItemProxy */ = {
			isa = PBXContainerItemProxy;
			containerPortal = 8561E72A218BCC5D001CADA8 /* Project object */;
			proxyType = 1;
			remoteGlobalIDString = 8561E731218BCC5D001CADA8;
			remoteInfo = "trademe-sample";
		};
/* End PBXContainerItemProxy section */

/* Begin PBXFileReference section */
		0559F3073B2C704AC5495E1A /* Pods-trademe-sample.debug.xcconfig */ = {isa = PBXFileReference; includeInIndex = 1; lastKnownFileType = text.xcconfig; name = "Pods-trademe-sample.debug.xcconfig"; path = "Pods/Target Support Files/Pods-trademe-sample/Pods-trademe-sample.debug.xcconfig"; sourceTree = "<group>"; };
		8523A822219D2D58007959C8 /* GenericClient.swift */ = {isa = PBXFileReference; lastKnownFileType = sourcecode.swift; path = GenericClient.swift; sourceTree = "<group>"; };
		8523A825219D2F2E007959C8 /* Endpoint.swift */ = {isa = PBXFileReference; lastKnownFileType = sourcecode.swift; path = Endpoint.swift; sourceTree = "<group>"; };
		8523A828219D3019007959C8 /* ErrorResponse.swift */ = {isa = PBXFileReference; lastKnownFileType = sourcecode.swift; path = ErrorResponse.swift; sourceTree = "<group>"; };
		8523A82A219D3069007959C8 /* SearchResponse.swift */ = {isa = PBXFileReference; lastKnownFileType = sourcecode.swift; path = SearchResponse.swift; sourceTree = "<group>"; };
		8523A82C219D30AD007959C8 /* CategoryResponse.swift */ = {isa = PBXFileReference; lastKnownFileType = sourcecode.swift; path = CategoryResponse.swift; sourceTree = "<group>"; };
		8523A82E219D313B007959C8 /* ListingDetailResponse.swift */ = {isa = PBXFileReference; lastKnownFileType = sourcecode.swift; path = ListingDetailResponse.swift; sourceTree = "<group>"; };
		8523A830219D31EE007959C8 /* Categories.swift */ = {isa = PBXFileReference; lastKnownFileType = sourcecode.swift; path = Categories.swift; sourceTree = "<group>"; };
		8523A832219D3284007959C8 /* Search.swift */ = {isa = PBXFileReference; lastKnownFileType = sourcecode.swift; path = Search.swift; sourceTree = "<group>"; };
		8523A834219D332C007959C8 /* ListingDetails.swift */ = {isa = PBXFileReference; lastKnownFileType = sourcecode.swift; path = ListingDetails.swift; sourceTree = "<group>"; };
		85540DFD21903B9D00C6AB7C /* CustomImageView.swift */ = {isa = PBXFileReference; lastKnownFileType = sourcecode.swift; path = CustomImageView.swift; sourceTree = "<group>"; };
		85608FDA21A5521D004527FC /* HTTPTask.swift */ = {isa = PBXFileReference; lastKnownFileType = sourcecode.swift; path = HTTPTask.swift; sourceTree = "<group>"; };
		85608FDD21A553A2004527FC /* ParameterEncoding.swift */ = {isa = PBXFileReference; lastKnownFileType = sourcecode.swift; path = ParameterEncoding.swift; sourceTree = "<group>"; };
		85608FDF21A553BF004527FC /* URLParameterEncoder.swift */ = {isa = PBXFileReference; lastKnownFileType = sourcecode.swift; path = URLParameterEncoder.swift; sourceTree = "<group>"; };
		85608FE121A553E5004527FC /* JSONParameterEncoder.swift */ = {isa = PBXFileReference; lastKnownFileType = sourcecode.swift; path = JSONParameterEncoder.swift; sourceTree = "<group>"; };
		85608FE421A55C73004527FC /* HTTPMethod.swift */ = {isa = PBXFileReference; lastKnownFileType = sourcecode.swift; path = HTTPMethod.swift; sourceTree = "<group>"; };
		85608FE721A55DDE004527FC /* Router.swift */ = {isa = PBXFileReference; lastKnownFileType = sourcecode.swift; path = Router.swift; sourceTree = "<group>"; };
		85608FEB21A58918004527FC /* TMClient.swift */ = {isa = PBXFileReference; lastKnownFileType = sourcecode.swift; path = TMClient.swift; sourceTree = "<group>"; };
		8561E732218BCC5D001CADA8 /* trademe-sample.app */ = {isa = PBXFileReference; explicitFileType = wrapper.application; includeInIndex = 0; path = "trademe-sample.app"; sourceTree = BUILT_PRODUCTS_DIR; };
		8561E735218BCC5D001CADA8 /* AppDelegate.swift */ = {isa = PBXFileReference; lastKnownFileType = sourcecode.swift; path = AppDelegate.swift; sourceTree = "<group>"; };
		8561E73C218BCC5E001CADA8 /* Assets.xcassets */ = {isa = PBXFileReference; lastKnownFileType = folder.assetcatalog; path = Assets.xcassets; sourceTree = "<group>"; };
		8561E73F218BCC5E001CADA8 /* Base */ = {isa = PBXFileReference; lastKnownFileType = file.storyboard; name = Base; path = Base.lproj/LaunchScreen.storyboard; sourceTree = "<group>"; };
		8561E741218BCC5E001CADA8 /* Info.plist */ = {isa = PBXFileReference; lastKnownFileType = text.plist.xml; path = Info.plist; sourceTree = "<group>"; };
		8561E746218BCC5F001CADA8 /* trademe-sampleTests.xctest */ = {isa = PBXFileReference; explicitFileType = wrapper.cfbundle; includeInIndex = 0; path = "trademe-sampleTests.xctest"; sourceTree = BUILT_PRODUCTS_DIR; };
		8561E74A218BCC5F001CADA8 /* trademe_sampleTests.swift */ = {isa = PBXFileReference; lastKnownFileType = sourcecode.swift; path = trademe_sampleTests.swift; sourceTree = "<group>"; };
		8561E74C218BCC5F001CADA8 /* Info.plist */ = {isa = PBXFileReference; lastKnownFileType = text.plist.xml; path = Info.plist; sourceTree = "<group>"; };
		8561E756218BCFC5001CADA8 /* UIAlertController+Error.swift */ = {isa = PBXFileReference; lastKnownFileType = sourcecode.swift; path = "UIAlertController+Error.swift"; sourceTree = "<group>"; };
		8561E75E218BEE4C001CADA8 /* CategoryController.swift */ = {isa = PBXFileReference; lastKnownFileType = sourcecode.swift; path = CategoryController.swift; sourceTree = "<group>"; };
		8561E765218BFC75001CADA8 /* UIColor+Custom.swift */ = {isa = PBXFileReference; lastKnownFileType = sourcecode.swift; path = "UIColor+Custom.swift"; sourceTree = "<group>"; };
		8561E767218C175F001CADA8 /* ItemController.swift */ = {isa = PBXFileReference; lastKnownFileType = sourcecode.swift; path = ItemController.swift; sourceTree = "<group>"; };
		8561E76E218C5797001CADA8 /* ItemTableViewCell.swift */ = {isa = PBXFileReference; lastKnownFileType = sourcecode.swift; path = ItemTableViewCell.swift; sourceTree = "<group>"; };
		8561E76F218C5797001CADA8 /* ItemTableViewCell.xib */ = {isa = PBXFileReference; lastKnownFileType = file.xib; path = ItemTableViewCell.xib; sourceTree = "<group>"; };
		8561E772218D8FBA001CADA8 /* UITableViewController+Empty.swift */ = {isa = PBXFileReference; lastKnownFileType = sourcecode.swift; path = "UITableViewController+Empty.swift"; sourceTree = "<group>"; };
		8561E775218DBB02001CADA8 /* ItemViewModel.swift */ = {isa = PBXFileReference; lastKnownFileType = sourcecode.swift; path = ItemViewModel.swift; sourceTree = "<group>"; };
		8561E777218DBE13001CADA8 /* CategoryViewModel.swift */ = {isa = PBXFileReference; lastKnownFileType = sourcecode.swift; path = CategoryViewModel.swift; sourceTree = "<group>"; };
		8561E784218F9F9E001CADA8 /* CategoryService.swift */ = {isa = PBXFileReference; lastKnownFileType = sourcecode.swift; path = CategoryService.swift; sourceTree = "<group>"; };
		8561E786218FA579001CADA8 /* ItemService.swift */ = {isa = PBXFileReference; lastKnownFileType = sourcecode.swift; path = ItemService.swift; sourceTree = "<group>"; };
		8561E788218FACE8001CADA8 /* DetailService.swift */ = {isa = PBXFileReference; lastKnownFileType = sourcecode.swift; path = DetailService.swift; sourceTree = "<group>"; };
		8561E78A218FAD0C001CADA8 /* DetailViewModel.swift */ = {isa = PBXFileReference; lastKnownFileType = sourcecode.swift; path = DetailViewModel.swift; sourceTree = "<group>"; };
		8561E78C218FB1F0001CADA8 /* ListingDetailController.swift */ = {isa = PBXFileReference; lastKnownFileType = sourcecode.swift; path = ListingDetailController.swift; sourceTree = "<group>"; };
		8561E78D218FB1F0001CADA8 /* ListingDetailController.xib */ = {isa = PBXFileReference; lastKnownFileType = file.xib; path = ListingDetailController.xib; sourceTree = "<group>"; };
		B8A983641EF7F1AEE75BDBC3 /* Pods_trademe_sample.framework */ = {isa = PBXFileReference; explicitFileType = wrapper.framework; includeInIndex = 0; path = Pods_trademe_sample.framework; sourceTree = BUILT_PRODUCTS_DIR; };
		FD7381366D3E6FE0A87E89ED /* Pods-trademe-sample.release.xcconfig */ = {isa = PBXFileReference; includeInIndex = 1; lastKnownFileType = text.xcconfig; name = "Pods-trademe-sample.release.xcconfig"; path = "Pods/Target Support Files/Pods-trademe-sample/Pods-trademe-sample.release.xcconfig"; sourceTree = "<group>"; };
/* End PBXFileReference section */

/* Begin PBXFrameworksBuildPhase section */
		8561E72F218BCC5D001CADA8 /* Frameworks */ = {
			isa = PBXFrameworksBuildPhase;
			buildActionMask = 2147483647;
			files = (
				F932699531AF9CBB28BDDE16 /* Pods_trademe_sample.framework in Frameworks */,
			);
			runOnlyForDeploymentPostprocessing = 0;
		};
		8561E743218BCC5F001CADA8 /* Frameworks */ = {
			isa = PBXFrameworksBuildPhase;
			buildActionMask = 2147483647;
			files = (
			);
			runOnlyForDeploymentPostprocessing = 0;
		};
/* End PBXFrameworksBuildPhase section */

/* Begin PBXGroup section */
		4CD4ACC140CA3380594FEF09 /* Frameworks */ = {
			isa = PBXGroup;
			children = (
				B8A983641EF7F1AEE75BDBC3 /* Pods_trademe_sample.framework */,
			);
			name = Frameworks;
			sourceTree = "<group>";
		};
		8523A821219D2D3C007959C8 /* api */ = {
			isa = PBXGroup;
			children = (
				8523A836219D337B007959C8 /* client */,
				8523A827219D3005007959C8 /* response */,
				8523A824219D2F1A007959C8 /* request */,
			);
			path = api;
			sourceTree = "<group>";
		};
		8523A824219D2F1A007959C8 /* request */ = {
			isa = PBXGroup;
			children = (
				85608FE321A55C56004527FC /* http */,
				85608FDC21A55387004527FC /* encoding */,
				8523A825219D2F2E007959C8 /* Endpoint.swift */,
				8523A832219D3284007959C8 /* Search.swift */,
				8523A830219D31EE007959C8 /* Categories.swift */,
				8523A834219D332C007959C8 /* ListingDetails.swift */,
			);
			path = request;
			sourceTree = "<group>";
		};
		8523A827219D3005007959C8 /* response */ = {
			isa = PBXGroup;
			children = (
				8523A828219D3019007959C8 /* ErrorResponse.swift */,
				8523A82A219D3069007959C8 /* SearchResponse.swift */,
				8523A82C219D30AD007959C8 /* CategoryResponse.swift */,
				8523A82E219D313B007959C8 /* ListingDetailResponse.swift */,
			);
			path = response;
			sourceTree = "<group>";
		};
		8523A836219D337B007959C8 /* client */ = {
			isa = PBXGroup;
			children = (
				85608FE721A55DDE004527FC /* Router.swift */,
				8523A822219D2D58007959C8 /* GenericClient.swift */,
				85608FEB21A58918004527FC /* TMClient.swift */,
			);
			path = client;
			sourceTree = "<group>";
		};
		85540DFC21903B8300C6AB7C /* utils */ = {
			isa = PBXGroup;
			children = (
				85540DFD21903B9D00C6AB7C /* CustomImageView.swift */,
			);
			path = utils;
			sourceTree = "<group>";
		};
		85608FDC21A55387004527FC /* encoding */ = {
			isa = PBXGroup;
			children = (
				85608FDD21A553A2004527FC /* ParameterEncoding.swift */,
				85608FDF21A553BF004527FC /* URLParameterEncoder.swift */,
				85608FE121A553E5004527FC /* JSONParameterEncoder.swift */,
			);
			path = encoding;
			sourceTree = "<group>";
		};
		85608FE321A55C56004527FC /* http */ = {
			isa = PBXGroup;
			children = (
				85608FDA21A5521D004527FC /* HTTPTask.swift */,
				85608FE421A55C73004527FC /* HTTPMethod.swift */,
			);
			path = http;
			sourceTree = "<group>";
		};
		8561E729218BCC5D001CADA8 = {
			isa = PBXGroup;
			children = (
				8561E734218BCC5D001CADA8 /* trademe-sample */,
				8561E749218BCC5F001CADA8 /* trademe-sampleTests */,
				8561E733218BCC5D001CADA8 /* Products */,
				BBF7899D25B33699C3C5BB54 /* Pods */,
				4CD4ACC140CA3380594FEF09 /* Frameworks */,
			);
			sourceTree = "<group>";
		};
		8561E733218BCC5D001CADA8 /* Products */ = {
			isa = PBXGroup;
			children = (
				8561E732218BCC5D001CADA8 /* trademe-sample.app */,
				8561E746218BCC5F001CADA8 /* trademe-sampleTests.xctest */,
			);
			name = Products;
			sourceTree = "<group>";
		};
		8561E734218BCC5D001CADA8 /* trademe-sample */ = {
			isa = PBXGroup;
			children = (
				8523A821219D2D3C007959C8 /* api */,
				8561E76D218C5777001CADA8 /* view */,
				8561E774218DBAB4001CADA8 /* viewModel */,
				8561E75D218BEE0B001CADA8 /* controller */,
				8561E783218F9F81001CADA8 /* service */,
				8561E755218BCF9E001CADA8 /* extensions */,
				85540DFC21903B8300C6AB7C /* utils */,
				8561E735218BCC5D001CADA8 /* AppDelegate.swift */,
				8561E73C218BCC5E001CADA8 /* Assets.xcassets */,
				8561E73E218BCC5E001CADA8 /* LaunchScreen.storyboard */,
				8561E741218BCC5E001CADA8 /* Info.plist */,
			);
			path = "trademe-sample";
			sourceTree = "<group>";
		};
		8561E749218BCC5F001CADA8 /* trademe-sampleTests */ = {
			isa = PBXGroup;
			children = (
				8561E74A218BCC5F001CADA8 /* trademe_sampleTests.swift */,
				8561E74C218BCC5F001CADA8 /* Info.plist */,
			);
			path = "trademe-sampleTests";
			sourceTree = "<group>";
		};
		8561E755218BCF9E001CADA8 /* extensions */ = {
			isa = PBXGroup;
			children = (
				8561E765218BFC75001CADA8 /* UIColor+Custom.swift */,
				8561E756218BCFC5001CADA8 /* UIAlertController+Error.swift */,
				8561E772218D8FBA001CADA8 /* UITableViewController+Empty.swift */,
			);
			path = extensions;
			sourceTree = "<group>";
		};
		8561E75D218BEE0B001CADA8 /* controller */ = {
			isa = PBXGroup;
			children = (
				8561E75E218BEE4C001CADA8 /* CategoryController.swift */,
				8561E767218C175F001CADA8 /* ItemController.swift */,
				8561E78C218FB1F0001CADA8 /* ListingDetailController.swift */,
				8561E78D218FB1F0001CADA8 /* ListingDetailController.xib */,
			);
			path = controller;
			sourceTree = "<group>";
		};
		8561E76D218C5777001CADA8 /* view */ = {
			isa = PBXGroup;
			children = (
				8561E76E218C5797001CADA8 /* ItemTableViewCell.swift */,
				8561E76F218C5797001CADA8 /* ItemTableViewCell.xib */,
			);
			path = view;
			sourceTree = "<group>";
		};
		8561E774218DBAB4001CADA8 /* viewModel */ = {
			isa = PBXGroup;
			children = (
				8561E775218DBB02001CADA8 /* ItemViewModel.swift */,
				8561E777218DBE13001CADA8 /* CategoryViewModel.swift */,
				8561E78A218FAD0C001CADA8 /* DetailViewModel.swift */,
			);
			path = viewModel;
			sourceTree = "<group>";
		};
		8561E783218F9F81001CADA8 /* service */ = {
			isa = PBXGroup;
			children = (
				8561E784218F9F9E001CADA8 /* CategoryService.swift */,
				8561E786218FA579001CADA8 /* ItemService.swift */,
				8561E788218FACE8001CADA8 /* DetailService.swift */,
			);
			path = service;
			sourceTree = "<group>";
		};
		BBF7899D25B33699C3C5BB54 /* Pods */ = {
			isa = PBXGroup;
			children = (
				0559F3073B2C704AC5495E1A /* Pods-trademe-sample.debug.xcconfig */,
				FD7381366D3E6FE0A87E89ED /* Pods-trademe-sample.release.xcconfig */,
			);
			name = Pods;
			sourceTree = "<group>";
		};
/* End PBXGroup section */

/* Begin PBXNativeTarget section */
		8561E731218BCC5D001CADA8 /* trademe-sample */ = {
			isa = PBXNativeTarget;
			buildConfigurationList = 8561E74F218BCC5F001CADA8 /* Build configuration list for PBXNativeTarget "trademe-sample" */;
			buildPhases = (
				96D409DD5D69F0EFDC80560A /* [CP] Check Pods Manifest.lock */,
				8561E72E218BCC5D001CADA8 /* Sources */,
				8561E72F218BCC5D001CADA8 /* Frameworks */,
				8561E730218BCC5D001CADA8 /* Resources */,
				AC9CBC2CF65D89639364311A /* [CP] Embed Pods Frameworks */,
			);
			buildRules = (
			);
			dependencies = (
			);
			name = "trademe-sample";
			productName = "trademe-sample";
			productReference = 8561E732218BCC5D001CADA8 /* trademe-sample.app */;
			productType = "com.apple.product-type.application";
		};
		8561E745218BCC5F001CADA8 /* trademe-sampleTests */ = {
			isa = PBXNativeTarget;
			buildConfigurationList = 8561E752218BCC5F001CADA8 /* Build configuration list for PBXNativeTarget "trademe-sampleTests" */;
			buildPhases = (
				8561E742218BCC5F001CADA8 /* Sources */,
				8561E743218BCC5F001CADA8 /* Frameworks */,
				8561E744218BCC5F001CADA8 /* Resources */,
			);
			buildRules = (
			);
			dependencies = (
				8561E748218BCC5F001CADA8 /* PBXTargetDependency */,
			);
			name = "trademe-sampleTests";
			productName = "trademe-sampleTests";
			productReference = 8561E746218BCC5F001CADA8 /* trademe-sampleTests.xctest */;
			productType = "com.apple.product-type.bundle.unit-test";
		};
/* End PBXNativeTarget section */

/* Begin PBXProject section */
		8561E72A218BCC5D001CADA8 /* Project object */ = {
			isa = PBXProject;
			attributes = {
				LastSwiftUpdateCheck = 1000;
				LastUpgradeCheck = 1000;
				ORGANIZATIONNAME = "Leonel Quinteros";
				TargetAttributes = {
					8561E731218BCC5D001CADA8 = {
						CreatedOnToolsVersion = 10.0;
					};
					8561E745218BCC5F001CADA8 = {
						CreatedOnToolsVersion = 10.0;
						TestTargetID = 8561E731218BCC5D001CADA8;
					};
				};
			};
			buildConfigurationList = 8561E72D218BCC5D001CADA8 /* Build configuration list for PBXProject "trademe-sample" */;
			compatibilityVersion = "Xcode 9.3";
			developmentRegion = en;
			hasScannedForEncodings = 0;
			knownRegions = (
				en,
				Base,
			);
			mainGroup = 8561E729218BCC5D001CADA8;
			productRefGroup = 8561E733218BCC5D001CADA8 /* Products */;
			projectDirPath = "";
			projectRoot = "";
			targets = (
				8561E731218BCC5D001CADA8 /* trademe-sample */,
				8561E745218BCC5F001CADA8 /* trademe-sampleTests */,
			);
		};
/* End PBXProject section */

/* Begin PBXResourcesBuildPhase section */
		8561E730218BCC5D001CADA8 /* Resources */ = {
			isa = PBXResourcesBuildPhase;
			buildActionMask = 2147483647;
			files = (
				8561E771218C5797001CADA8 /* ItemTableViewCell.xib in Resources */,
				8561E78F218FB1F0001CADA8 /* ListingDetailController.xib in Resources */,
				8561E740218BCC5E001CADA8 /* LaunchScreen.storyboard in Resources */,
				8561E73D218BCC5E001CADA8 /* Assets.xcassets in Resources */,
			);
			runOnlyForDeploymentPostprocessing = 0;
		};
		8561E744218BCC5F001CADA8 /* Resources */ = {
			isa = PBXResourcesBuildPhase;
			buildActionMask = 2147483647;
			files = (
			);
			runOnlyForDeploymentPostprocessing = 0;
		};
/* End PBXResourcesBuildPhase section */

/* Begin PBXShellScriptBuildPhase section */
		96D409DD5D69F0EFDC80560A /* [CP] Check Pods Manifest.lock */ = {
			isa = PBXShellScriptBuildPhase;
			buildActionMask = 2147483647;
			files = (
			);
			inputPaths = (
				"${PODS_PODFILE_DIR_PATH}/Podfile.lock",
				"${PODS_ROOT}/Manifest.lock",
			);
			name = "[CP] Check Pods Manifest.lock";
			outputPaths = (
				"$(DERIVED_FILE_DIR)/Pods-trademe-sample-checkManifestLockResult.txt",
			);
			runOnlyForDeploymentPostprocessing = 0;
			shellPath = /bin/sh;
			shellScript = "diff \"${PODS_PODFILE_DIR_PATH}/Podfile.lock\" \"${PODS_ROOT}/Manifest.lock\" > /dev/null\nif [ $? != 0 ] ; then\n    # print error to STDERR\n    echo \"error: The sandbox is not in sync with the Podfile.lock. Run 'pod install' or update your CocoaPods installation.\" >&2\n    exit 1\nfi\n# This output is used by Xcode 'outputs' to avoid re-running this script phase.\necho \"SUCCESS\" > \"${SCRIPT_OUTPUT_FILE_0}\"\n";
			showEnvVarsInLog = 0;
		};
		AC9CBC2CF65D89639364311A /* [CP] Embed Pods Frameworks */ = {
			isa = PBXShellScriptBuildPhase;
			buildActionMask = 2147483647;
			files = (
			);
			inputPaths = (
				"${SRCROOT}/Pods/Target Support Files/Pods-trademe-sample/Pods-trademe-sample-frameworks.sh",
				"${BUILT_PRODUCTS_DIR}/ABLoaderView/ABLoaderView.framework",
			);
			name = "[CP] Embed Pods Frameworks";
			outputPaths = (
				"${TARGET_BUILD_DIR}/${FRAMEWORKS_FOLDER_PATH}/ABLoaderView.framework",
			);
			runOnlyForDeploymentPostprocessing = 0;
			shellPath = /bin/sh;
			shellScript = "\"${SRCROOT}/Pods/Target Support Files/Pods-trademe-sample/Pods-trademe-sample-frameworks.sh\"\n";
			showEnvVarsInLog = 0;
		};
/* End PBXShellScriptBuildPhase section */

/* Begin PBXSourcesBuildPhase section */
		8561E72E218BCC5D001CADA8 /* Sources */ = {
			isa = PBXSourcesBuildPhase;
			buildActionMask = 2147483647;
			files = (
				8561E78B218FAD0C001CADA8 /* DetailViewModel.swift in Sources */,
				8523A835219D332C007959C8 /* ListingDetails.swift in Sources */,
				8561E757218BCFC5001CADA8 /* UIAlertController+Error.swift in Sources */,
				85608FEC21A58918004527FC /* TMClient.swift in Sources */,
				8561E789218FACE8001CADA8 /* DetailService.swift in Sources */,
				85608FDB21A5521D004527FC /* HTTPTask.swift in Sources */,
				8561E766218BFC75001CADA8 /* UIColor+Custom.swift in Sources */,
				85608FE021A553BF004527FC /* URLParameterEncoder.swift in Sources */,
				8561E78E218FB1F0001CADA8 /* ListingDetailController.swift in Sources */,
				8561E785218F9F9E001CADA8 /* CategoryService.swift in Sources */,
				8523A826219D2F2E007959C8 /* Endpoint.swift in Sources */,
				85608FE521A55C73004527FC /* HTTPMethod.swift in Sources */,
				8561E776218DBB02001CADA8 /* ItemViewModel.swift in Sources */,
				8561E768218C175F001CADA8 /* ItemController.swift in Sources */,
				85540DFE21903B9D00C6AB7C /* CustomImageView.swift in Sources */,
				8561E773218D8FBA001CADA8 /* UITableViewController+Empty.swift in Sources */,
				85608FE821A55DDE004527FC /* Router.swift in Sources */,
				8561E75F218BEE4C001CADA8 /* CategoryController.swift in Sources */,
				8561E770218C5797001CADA8 /* ItemTableViewCell.swift in Sources */,
				8523A82D219D30AD007959C8 /* CategoryResponse.swift in Sources */,
				8561E787218FA579001CADA8 /* ItemService.swift in Sources */,
				8523A823219D2D58007959C8 /* GenericClient.swift in Sources */,
				8561E778218DBE13001CADA8 /* CategoryViewModel.swift in Sources */,
				8561E736218BCC5D001CADA8 /* AppDelegate.swift in Sources */,
				8523A82F219D313B007959C8 /* ListingDetailResponse.swift in Sources */,
				8523A829219D3019007959C8 /* ErrorResponse.swift in Sources */,
				85608FE221A553E5004527FC /* JSONParameterEncoder.swift in Sources */,
				8523A82B219D3069007959C8 /* SearchResponse.swift in Sources */,
				85608FDE21A553A2004527FC /* ParameterEncoding.swift in Sources */,
				8523A833219D3285007959C8 /* Search.swift in Sources */,
				8523A831219D31EE007959C8 /* Categories.swift in Sources */,
			);
			runOnlyForDeploymentPostprocessing = 0;
		};
		8561E742218BCC5F001CADA8 /* Sources */ = {
			isa = PBXSourcesBuildPhase;
			buildActionMask = 2147483647;
			files = (
				8561E74B218BCC5F001CADA8 /* trademe_sampleTests.swift in Sources */,
			);
			runOnlyForDeploymentPostprocessing = 0;
		};
/* End PBXSourcesBuildPhase section */

/* Begin PBXTargetDependency section */
		8561E748218BCC5F001CADA8 /* PBXTargetDependency */ = {
			isa = PBXTargetDependency;
			target = 8561E731218BCC5D001CADA8 /* trademe-sample */;
			targetProxy = 8561E747218BCC5F001CADA8 /* PBXContainerItemProxy */;
		};
/* End PBXTargetDependency section */

/* Begin PBXVariantGroup section */
		8561E73E218BCC5E001CADA8 /* LaunchScreen.storyboard */ = {
			isa = PBXVariantGroup;
			children = (
				8561E73F218BCC5E001CADA8 /* Base */,
			);
			name = LaunchScreen.storyboard;
			sourceTree = "<group>";
		};
/* End PBXVariantGroup section */

/* Begin XCBuildConfiguration section */
		8561E74D218BCC5F001CADA8 /* Debug */ = {
			isa = XCBuildConfiguration;
			buildSettings = {
				ALWAYS_SEARCH_USER_PATHS = NO;
				CLANG_ANALYZER_NONNULL = YES;
				CLANG_ANALYZER_NUMBER_OBJECT_CONVERSION = YES_AGGRESSIVE;
				CLANG_CXX_LANGUAGE_STANDARD = "gnu++14";
				CLANG_CXX_LIBRARY = "libc++";
				CLANG_ENABLE_MODULES = YES;
				CLANG_ENABLE_OBJC_ARC = YES;
				CLANG_ENABLE_OBJC_WEAK = YES;
				CLANG_WARN_BLOCK_CAPTURE_AUTORELEASING = YES;
				CLANG_WARN_BOOL_CONVERSION = YES;
				CLANG_WARN_COMMA = YES;
				CLANG_WARN_CONSTANT_CONVERSION = YES;
				CLANG_WARN_DEPRECATED_OBJC_IMPLEMENTATIONS = YES;
				CLANG_WARN_DIRECT_OBJC_ISA_USAGE = YES_ERROR;
				CLANG_WARN_DOCUMENTATION_COMMENTS = YES;
				CLANG_WARN_EMPTY_BODY = YES;
				CLANG_WARN_ENUM_CONVERSION = YES;
				CLANG_WARN_INFINITE_RECURSION = YES;
				CLANG_WARN_INT_CONVERSION = YES;
				CLANG_WARN_NON_LITERAL_NULL_CONVERSION = YES;
				CLANG_WARN_OBJC_IMPLICIT_RETAIN_SELF = YES;
				CLANG_WARN_OBJC_LITERAL_CONVERSION = YES;
				CLANG_WARN_OBJC_ROOT_CLASS = YES_ERROR;
				CLANG_WARN_RANGE_LOOP_ANALYSIS = YES;
				CLANG_WARN_STRICT_PROTOTYPES = YES;
				CLANG_WARN_SUSPICIOUS_MOVE = YES;
				CLANG_WARN_UNGUARDED_AVAILABILITY = YES_AGGRESSIVE;
				CLANG_WARN_UNREACHABLE_CODE = YES;
				CLANG_WARN__DUPLICATE_METHOD_MATCH = YES;
				CODE_SIGN_IDENTITY = "iPhone Developer";
				COPY_PHASE_STRIP = NO;
				DEBUG_INFORMATION_FORMAT = dwarf;
				ENABLE_STRICT_OBJC_MSGSEND = YES;
				ENABLE_TESTABILITY = YES;
				GCC_C_LANGUAGE_STANDARD = gnu11;
				GCC_DYNAMIC_NO_PIC = NO;
				GCC_NO_COMMON_BLOCKS = YES;
				GCC_OPTIMIZATION_LEVEL = 0;
				GCC_PREPROCESSOR_DEFINITIONS = (
					"DEBUG=1",
					"$(inherited)",
				);
				GCC_WARN_64_TO_32_BIT_CONVERSION = YES;
				GCC_WARN_ABOUT_RETURN_TYPE = YES_ERROR;
				GCC_WARN_UNDECLARED_SELECTOR = YES;
				GCC_WARN_UNINITIALIZED_AUTOS = YES_AGGRESSIVE;
				GCC_WARN_UNUSED_FUNCTION = YES;
				GCC_WARN_UNUSED_VARIABLE = YES;
				IPHONEOS_DEPLOYMENT_TARGET = 12.0;
				MTL_ENABLE_DEBUG_INFO = INCLUDE_SOURCE;
				MTL_FAST_MATH = YES;
				ONLY_ACTIVE_ARCH = YES;
				SDKROOT = iphoneos;
				SWIFT_ACTIVE_COMPILATION_CONDITIONS = DEBUG;
				SWIFT_OPTIMIZATION_LEVEL = "-Onone";
			};
			name = Debug;
		};
		8561E74E218BCC5F001CADA8 /* Release */ = {
			isa = XCBuildConfiguration;
			buildSettings = {
				ALWAYS_SEARCH_USER_PATHS = NO;
				CLANG_ANALYZER_NONNULL = YES;
				CLANG_ANALYZER_NUMBER_OBJECT_CONVERSION = YES_AGGRESSIVE;
				CLANG_CXX_LANGUAGE_STANDARD = "gnu++14";
				CLANG_CXX_LIBRARY = "libc++";
				CLANG_ENABLE_MODULES = YES;
				CLANG_ENABLE_OBJC_ARC = YES;
				CLANG_ENABLE_OBJC_WEAK = YES;
				CLANG_WARN_BLOCK_CAPTURE_AUTORELEASING = YES;
				CLANG_WARN_BOOL_CONVERSION = YES;
				CLANG_WARN_COMMA = YES;
				CLANG_WARN_CONSTANT_CONVERSION = YES;
				CLANG_WARN_DEPRECATED_OBJC_IMPLEMENTATIONS = YES;
				CLANG_WARN_DIRECT_OBJC_ISA_USAGE = YES_ERROR;
				CLANG_WARN_DOCUMENTATION_COMMENTS = YES;
				CLANG_WARN_EMPTY_BODY = YES;
				CLANG_WARN_ENUM_CONVERSION = YES;
				CLANG_WARN_INFINITE_RECURSION = YES;
				CLANG_WARN_INT_CONVERSION = YES;
				CLANG_WARN_NON_LITERAL_NULL_CONVERSION = YES;
				CLANG_WARN_OBJC_IMPLICIT_RETAIN_SELF = YES;
				CLANG_WARN_OBJC_LITERAL_CONVERSION = YES;
				CLANG_WARN_OBJC_ROOT_CLASS = YES_ERROR;
				CLANG_WARN_RANGE_LOOP_ANALYSIS = YES;
				CLANG_WARN_STRICT_PROTOTYPES = YES;
				CLANG_WARN_SUSPICIOUS_MOVE = YES;
				CLANG_WARN_UNGUARDED_AVAILABILITY = YES_AGGRESSIVE;
				CLANG_WARN_UNREACHABLE_CODE = YES;
				CLANG_WARN__DUPLICATE_METHOD_MATCH = YES;
				CODE_SIGN_IDENTITY = "iPhone Developer";
				COPY_PHASE_STRIP = NO;
				DEBUG_INFORMATION_FORMAT = "dwarf-with-dsym";
				ENABLE_NS_ASSERTIONS = NO;
				ENABLE_STRICT_OBJC_MSGSEND = YES;
				GCC_C_LANGUAGE_STANDARD = gnu11;
				GCC_NO_COMMON_BLOCKS = YES;
				GCC_WARN_64_TO_32_BIT_CONVERSION = YES;
				GCC_WARN_ABOUT_RETURN_TYPE = YES_ERROR;
				GCC_WARN_UNDECLARED_SELECTOR = YES;
				GCC_WARN_UNINITIALIZED_AUTOS = YES_AGGRESSIVE;
				GCC_WARN_UNUSED_FUNCTION = YES;
				GCC_WARN_UNUSED_VARIABLE = YES;
				IPHONEOS_DEPLOYMENT_TARGET = 12.0;
				MTL_ENABLE_DEBUG_INFO = NO;
				MTL_FAST_MATH = YES;
				SDKROOT = iphoneos;
				SWIFT_COMPILATION_MODE = wholemodule;
				SWIFT_OPTIMIZATION_LEVEL = "-O";
				VALIDATE_PRODUCT = YES;
			};
			name = Release;
		};
		8561E750218BCC5F001CADA8 /* Debug */ = {
			isa = XCBuildConfiguration;
			baseConfigurationReference = 0559F3073B2C704AC5495E1A /* Pods-trademe-sample.debug.xcconfig */;
			buildSettings = {
				ASSETCATALOG_COMPILER_APPICON_NAME = AppIcon;
				CODE_SIGN_STYLE = Automatic;
				DEVELOPMENT_TEAM = 73P6823KT2;
				INFOPLIST_FILE = "trademe-sample/Info.plist";
				LD_RUNPATH_SEARCH_PATHS = (
					"$(inherited)",
					"@executable_path/Frameworks",
				);
				PRODUCT_BUNDLE_IDENTIFIER = "leojquinteros.trademe-sample";
				PRODUCT_NAME = "$(TARGET_NAME)";
				SWIFT_VERSION = 4.2;
				TARGETED_DEVICE_FAMILY = "1,2";
			};
			name = Debug;
		};
		8561E751218BCC5F001CADA8 /* Release */ = {
			isa = XCBuildConfiguration;
			baseConfigurationReference = FD7381366D3E6FE0A87E89ED /* Pods-trademe-sample.release.xcconfig */;
			buildSettings = {
				ASSETCATALOG_COMPILER_APPICON_NAME = AppIcon;
				CODE_SIGN_STYLE = Automatic;
				DEVELOPMENT_TEAM = 73P6823KT2;
				INFOPLIST_FILE = "trademe-sample/Info.plist";
				LD_RUNPATH_SEARCH_PATHS = (
					"$(inherited)",
					"@executable_path/Frameworks",
				);
				PRODUCT_BUNDLE_IDENTIFIER = "leojquinteros.trademe-sample";
				PRODUCT_NAME = "$(TARGET_NAME)";
				SWIFT_VERSION = 4.2;
				TARGETED_DEVICE_FAMILY = "1,2";
			};
			name = Release;
		};
		8561E753218BCC5F001CADA8 /* Debug */ = {
			isa = XCBuildConfiguration;
			buildSettings = {
				ALWAYS_EMBED_SWIFT_STANDARD_LIBRARIES = YES;
				BUNDLE_LOADER = "$(TEST_HOST)";
				CODE_SIGN_STYLE = Automatic;
				DEVELOPMENT_TEAM = 73P6823KT2;
				INFOPLIST_FILE = "trademe-sampleTests/Info.plist";
				LD_RUNPATH_SEARCH_PATHS = (
					"$(inherited)",
					"@executable_path/Frameworks",
					"@loader_path/Frameworks",
				);
				PRODUCT_BUNDLE_IDENTIFIER = "leojquinteros.trademe-sampleTests";
				PRODUCT_NAME = "$(TARGET_NAME)";
				SWIFT_VERSION = 4.2;
				TARGETED_DEVICE_FAMILY = "1,2";
				TEST_HOST = "$(BUILT_PRODUCTS_DIR)/trademe-sample.app/trademe-sample";
			};
			name = Debug;
		};
		8561E754218BCC5F001CADA8 /* Release */ = {
			isa = XCBuildConfiguration;
			buildSettings = {
				ALWAYS_EMBED_SWIFT_STANDARD_LIBRARIES = YES;
				BUNDLE_LOADER = "$(TEST_HOST)";
				CODE_SIGN_STYLE = Automatic;
				DEVELOPMENT_TEAM = 73P6823KT2;
				INFOPLIST_FILE = "trademe-sampleTests/Info.plist";
				LD_RUNPATH_SEARCH_PATHS = (
					"$(inherited)",
					"@executable_path/Frameworks",
					"@loader_path/Frameworks",
				);
				PRODUCT_BUNDLE_IDENTIFIER = "leojquinteros.trademe-sampleTests";
				PRODUCT_NAME = "$(TARGET_NAME)";
				SWIFT_VERSION = 4.2;
				TARGETED_DEVICE_FAMILY = "1,2";
				TEST_HOST = "$(BUILT_PRODUCTS_DIR)/trademe-sample.app/trademe-sample";
			};
			name = Release;
		};
/* End XCBuildConfiguration section */

/* Begin XCConfigurationList section */
		8561E72D218BCC5D001CADA8 /* Build configuration list for PBXProject "trademe-sample" */ = {
			isa = XCConfigurationList;
			buildConfigurations = (
				8561E74D218BCC5F001CADA8 /* Debug */,
				8561E74E218BCC5F001CADA8 /* Release */,
			);
			defaultConfigurationIsVisible = 0;
			defaultConfigurationName = Release;
		};
		8561E74F218BCC5F001CADA8 /* Build configuration list for PBXNativeTarget "trademe-sample" */ = {
			isa = XCConfigurationList;
			buildConfigurations = (
				8561E750218BCC5F001CADA8 /* Debug */,
				8561E751218BCC5F001CADA8 /* Release */,
			);
			defaultConfigurationIsVisible = 0;
			defaultConfigurationName = Release;
		};
		8561E752218BCC5F001CADA8 /* Build configuration list for PBXNativeTarget "trademe-sampleTests" */ = {
			isa = XCConfigurationList;
			buildConfigurations = (
				8561E753218BCC5F001CADA8 /* Debug */,
				8561E754218BCC5F001CADA8 /* Release */,
			);
			defaultConfigurationIsVisible = 0;
			defaultConfigurationName = Release;
		};
/* End XCConfigurationList section */
	};
	rootObject = 8561E72A218BCC5D001CADA8 /* Project object */;
}
